// !$*UTF8*$!
{
	archiveVersion = 1;
	classes = {
	};
	objectVersion = 46;
	objects = {

/* Begin PBXBuildFile section */
		2B0C56FA269D6150002437BA /* MoreViewController.m in Sources */ = {isa = PBXBuildFile; fileRef = 2B0C56F9269D6150002437BA /* MoreViewController.m */; };
		2B0CC7EA23D7DD5D0078AA12 /* MostViewedViewController.m in Sources */ = {isa = PBXBuildFile; fileRef = 2B0CC7E923D7DD5D0078AA12 /* MostViewedViewController.m */; };
		2B16E0962497E1A400DB034D /* SVProgressHUD.bundle in Resources */ = {isa = PBXBuildFile; fileRef = 2B16E0932497E1A400DB034D /* SVProgressHUD.bundle */; };
		2B16E0972497E1A400DB034D /* SVProgressHUD.m in Sources */ = {isa = PBXBuildFile; fileRef = 2B16E0952497E1A400DB034D /* SVProgressHUD.m */; };
		2B4621EC22C95664008E7527 /* MediaPlayer.framework in Frameworks */ = {isa = PBXBuildFile; fileRef = 2B4621EB22C95664008E7527 /* MediaPlayer.framework */; };
		2B4621ED22C95A4E008E7527 /* AVFoundation.framework in Frameworks */ = {isa = PBXBuildFile; fileRef = 2B4621E922C954BE008E7527 /* AVFoundation.framework */; };
		2B4621F122C96D14008E7527 /* DetailCurrentTableViewCell.m in Sources */ = {isa = PBXBuildFile; fileRef = 2B4621F022C96D14008E7527 /* DetailCurrentTableViewCell.m */; };
		2B4621F522C96E27008E7527 /* DetailViewController.m in Sources */ = {isa = PBXBuildFile; fileRef = 2B4621F422C96E27008E7527 /* DetailViewController.m */; };
		2B4621FA22C97E9B008E7527 /* QuartzCore.framework in Frameworks */ = {isa = PBXBuildFile; fileRef = 2B4621F922C97E9B008E7527 /* QuartzCore.framework */; };
		2BAACDF226700A0300F1543C /* Settings.bundle in Resources */ = {isa = PBXBuildFile; fileRef = 2BAACDF126700A0300F1543C /* Settings.bundle */; };
		2BB59B2323D6746400238E8B /* SearchViewController.m in Sources */ = {isa = PBXBuildFile; fileRef = 2BB59B2223D6746400238E8B /* SearchViewController.m */; };
		2BBEC5A422C85E05006FBDC5 /* Foundation.framework in Frameworks */ = {isa = PBXBuildFile; fileRef = 2BBEC5A322C85E05006FBDC5 /* Foundation.framework */; };
		2BBEC5A622C85E05006FBDC5 /* CoreGraphics.framework in Frameworks */ = {isa = PBXBuildFile; fileRef = 2BBEC5A522C85E05006FBDC5 /* CoreGraphics.framework */; };
		2BBEC5A822C85E05006FBDC5 /* UIKit.framework in Frameworks */ = {isa = PBXBuildFile; fileRef = 2BBEC5A722C85E05006FBDC5 /* UIKit.framework */; };
		2BBEC5AE22C85E05006FBDC5 /* InfoPlist.strings in Resources */ = {isa = PBXBuildFile; fileRef = 2BBEC5AC22C85E05006FBDC5 /* InfoPlist.strings */; };
		2BBEC5B022C85E05006FBDC5 /* main.m in Sources */ = {isa = PBXBuildFile; fileRef = 2BBEC5AF22C85E05006FBDC5 /* main.m */; };
		2BBEC5B422C85E05006FBDC5 /* AppDelegate.m in Sources */ = {isa = PBXBuildFile; fileRef = 2BBEC5B322C85E05006FBDC5 /* AppDelegate.m */; };
		2BBEC5B722C85E05006FBDC5 /* Main_iPhone.storyboard in Resources */ = {isa = PBXBuildFile; fileRef = 2BBEC5B522C85E05006FBDC5 /* Main_iPhone.storyboard */; };
		2BBEC5BF22C85E05006FBDC5 /* Images.xcassets in Resources */ = {isa = PBXBuildFile; fileRef = 2BBEC5BE22C85E05006FBDC5 /* Images.xcassets */; };
		2BBEC5C622C85E05006FBDC5 /* XCTest.framework in Frameworks */ = {isa = PBXBuildFile; fileRef = 2BBEC5C522C85E05006FBDC5 /* XCTest.framework */; };
		2BBEC5C722C85E05006FBDC5 /* Foundation.framework in Frameworks */ = {isa = PBXBuildFile; fileRef = 2BBEC5A322C85E05006FBDC5 /* Foundation.framework */; };
		2BBEC5C822C85E05006FBDC5 /* UIKit.framework in Frameworks */ = {isa = PBXBuildFile; fileRef = 2BBEC5A722C85E05006FBDC5 /* UIKit.framework */; };
		2BBEC5DF22C8718A006FBDC5 /* FeaturedTableViewCell.m in Sources */ = {isa = PBXBuildFile; fileRef = 2BBEC5DE22C8718A006FBDC5 /* FeaturedTableViewCell.m */; };
		2BBEC5E722C87426006FBDC5 /* TuberAPI.m in Sources */ = {isa = PBXBuildFile; fileRef = 2BBEC5E622C87426006FBDC5 /* TuberAPI.m */; };
		2BBEC5EB22C8853B006FBDC5 /* FeaturedViewController.m in Sources */ = {isa = PBXBuildFile; fileRef = 2BBEC5EA22C8853B006FBDC5 /* FeaturedViewController.m */; };
		2BC6AC7423D6939D007B41CC /* SearchTableView.m in Sources */ = {isa = PBXBuildFile; fileRef = 2BC6AC7323D6939D007B41CC /* SearchTableView.m */; };
		2BC8120B26A024980026B94B /* VideosTableViewController.m in Sources */ = {isa = PBXBuildFile; fileRef = 2BC8120A26A024980026B94B /* VideosTableViewController.m */; };
		2BC8120F26A024D10026B94B /* VideosTableViewCell.m in Sources */ = {isa = PBXBuildFile; fileRef = 2BC8120E26A024D10026B94B /* VideosTableViewCell.m */; };
		2BD71617269ED90600CF5C75 /* SubscriberTableViewCell.m in Sources */ = {isa = PBXBuildFile; fileRef = 2BD71616269ED90600CF5C75 /* SubscriberTableViewCell.m */; };
		2BD7161B269EDB7700CF5C75 /* SubscriberTableViewController.m in Sources */ = {isa = PBXBuildFile; fileRef = 2BD7161A269EDB7700CF5C75 /* SubscriberTableViewController.m */; };
		2BDCA43323D677F600A010F9 /* SearchTableViewCell.m in Sources */ = {isa = PBXBuildFile; fileRef = 2BDCA43223D677F600A010F9 /* SearchTableViewCell.m */; };
		2BFD4B9023D7EF2A00AF2D8D /* FavoritesViewController.m in Sources */ = {isa = PBXBuildFile; fileRef = 2BFD4B8F23D7EF2A00AF2D8D /* FavoritesViewController.m */; };
		AB01F8992C827C8D00DB6E7E /* asu_pid.entitlements in Resources */ = {isa = PBXBuildFile; fileRef = AB01F8982C827C8D00DB6E7E /* asu_pid.entitlements */; };
		AB8047EB2C812C8B00B2CC9F /* YTInnerTubeAPIClient.m in Sources */ = {isa = PBXBuildFile; fileRef = AB8047EA2C812C8B00B2CC9F /* YTInnerTubeAPIClient.m */; };
		AB85CB762C87640200036D7D /* Main_iPad.storyboard in Resources */ = {isa = PBXBuildFile; fileRef = AB85CB742C87640200036D7D /* Main_iPad.storyboard */; };
		AB85CB792C87953C00036D7D /* FeaturedTableViewCell_iPad.m in Sources */ = {isa = PBXBuildFile; fileRef = AB85CB782C87953C00036D7D /* FeaturedTableViewCell_iPad.m */; };
		AB85CB7E2C88AA9000036D7D /* FeaturedViewController_iPad.m in Sources */ = {isa = PBXBuildFile; fileRef = AB85CB7D2C88AA9000036D7D /* FeaturedViewController_iPad.m */; };
/* End PBXBuildFile section */

/* Begin PBXContainerItemProxy section */
		2BBEC5C922C85E05006FBDC5 /* PBXContainerItemProxy */ = {
			isa = PBXContainerItemProxy;
			containerPortal = 2BBEC59822C85E05006FBDC5 /* Project object */;
			proxyType = 1;
			remoteGlobalIDString = 2BBEC59F22C85E05006FBDC5;
			remoteInfo = Youtube;
		};
/* End PBXContainerItemProxy section */

/* Begin PBXFileReference section */
		2B0C56F8269D6150002437BA /* MoreViewController.h */ = {isa = PBXFileReference; fileEncoding = 4; lastKnownFileType = sourcecode.c.h; name = MoreViewController.h; path = MoreViewController/MoreViewController.h; sourceTree = "<group>"; };
		2B0C56F9269D6150002437BA /* MoreViewController.m */ = {isa = PBXFileReference; fileEncoding = 4; lastKnownFileType = sourcecode.c.objc; name = MoreViewController.m; path = MoreViewController/MoreViewController.m; sourceTree = "<group>"; };
		2B0CC7E823D7DD5D0078AA12 /* MostViewedViewController.h */ = {isa = PBXFileReference; fileEncoding = 4; lastKnownFileType = sourcecode.c.h; path = MostViewedViewController.h; sourceTree = "<group>"; };
		2B0CC7E923D7DD5D0078AA12 /* MostViewedViewController.m */ = {isa = PBXFileReference; fileEncoding = 4; lastKnownFileType = sourcecode.c.objc; path = MostViewedViewController.m; sourceTree = "<group>"; };
		2B16E0932497E1A400DB034D /* SVProgressHUD.bundle */ = {isa = PBXFileReference; lastKnownFileType = "wrapper.plug-in"; path = SVProgressHUD.bundle; sourceTree = "<group>"; };
		2B16E0942497E1A400DB034D /* SVProgressHUD.h */ = {isa = PBXFileReference; fileEncoding = 4; lastKnownFileType = sourcecode.c.h; path = SVProgressHUD.h; sourceTree = "<group>"; };
		2B16E0952497E1A400DB034D /* SVProgressHUD.m */ = {isa = PBXFileReference; fileEncoding = 4; lastKnownFileType = sourcecode.c.objc; path = SVProgressHUD.m; sourceTree = "<group>"; };
		2B1D1AE4268EC25100E7630B /* YewTube@1x.png */ = {isa = PBXFileReference; lastKnownFileType = image.png; name = "YewTube@1x.png"; path = "../../Desktop/YewTube@1x.png"; sourceTree = "<group>"; };
		2B1D1AE5268EC25C00E7630B /* YewTube.png */ = {isa = PBXFileReference; lastKnownFileType = image.png; path = YewTube.png; sourceTree = "<group>"; };
		2B1D1AE6268EC2D400E7630B /* YewTube@0.png */ = {isa = PBXFileReference; lastKnownFileType = image.png; path = "YewTube@0.png"; sourceTree = "<group>"; };
		2B4621E922C954BE008E7527 /* AVFoundation.framework */ = {isa = PBXFileReference; lastKnownFileType = wrapper.framework; name = AVFoundation.framework; path = Platforms/iPhoneOS.platform/Developer/SDKs/iPhoneOS6.1.sdk/System/Library/Frameworks/AVFoundation.framework; sourceTree = DEVELOPER_DIR; };
		2B4621EB22C95664008E7527 /* MediaPlayer.framework */ = {isa = PBXFileReference; lastKnownFileType = wrapper.framework; name = MediaPlayer.framework; path = Platforms/iPhoneOS.platform/Developer/SDKs/iPhoneOS6.1.sdk/System/Library/Frameworks/MediaPlayer.framework; sourceTree = DEVELOPER_DIR; };
		2B4621EF22C96D14008E7527 /* DetailCurrentTableViewCell.h */ = {isa = PBXFileReference; fileEncoding = 4; lastKnownFileType = sourcecode.c.h; path = DetailCurrentTableViewCell.h; sourceTree = "<group>"; };
		2B4621F022C96D14008E7527 /* DetailCurrentTableViewCell.m */ = {isa = PBXFileReference; fileEncoding = 4; lastKnownFileType = sourcecode.c.objc; path = DetailCurrentTableViewCell.m; sourceTree = "<group>"; };
		2B4621F322C96E27008E7527 /* DetailViewController.h */ = {isa = PBXFileReference; fileEncoding = 4; lastKnownFileType = sourcecode.c.h; path = DetailViewController.h; sourceTree = "<group>"; };
		2B4621F422C96E27008E7527 /* DetailViewController.m */ = {isa = PBXFileReference; fileEncoding = 4; lastKnownFileType = sourcecode.c.objc; path = DetailViewController.m; sourceTree = "<group>"; };
		2B4621F922C97E9B008E7527 /* QuartzCore.framework */ = {isa = PBXFileReference; lastKnownFileType = wrapper.framework; name = QuartzCore.framework; path = Platforms/iPhoneOS.platform/Developer/SDKs/iPhoneOS6.1.sdk/System/Library/Frameworks/QuartzCore.framework; sourceTree = DEVELOPER_DIR; };
		2BAACDF126700A0300F1543C /* Settings.bundle */ = {isa = PBXFileReference; lastKnownFileType = "wrapper.plug-in"; path = Settings.bundle; sourceTree = "<group>"; };
		2BB59B2123D6746400238E8B /* SearchViewController.h */ = {isa = PBXFileReference; fileEncoding = 4; lastKnownFileType = sourcecode.c.h; path = SearchViewController.h; sourceTree = "<group>"; };
		2BB59B2223D6746400238E8B /* SearchViewController.m */ = {isa = PBXFileReference; fileEncoding = 4; lastKnownFileType = sourcecode.c.objc; path = SearchViewController.m; sourceTree = "<group>"; };
		2BBEC5A022C85E05006FBDC5 /* Yewtube.app */ = {isa = PBXFileReference; explicitFileType = wrapper.application; includeInIndex = 0; path = Yewtube.app; sourceTree = BUILT_PRODUCTS_DIR; };
		2BBEC5A322C85E05006FBDC5 /* Foundation.framework */ = {isa = PBXFileReference; lastKnownFileType = wrapper.framework; name = Foundation.framework; path = System/Library/Frameworks/Foundation.framework; sourceTree = SDKROOT; };
		2BBEC5A522C85E05006FBDC5 /* CoreGraphics.framework */ = {isa = PBXFileReference; lastKnownFileType = wrapper.framework; name = CoreGraphics.framework; path = System/Library/Frameworks/CoreGraphics.framework; sourceTree = SDKROOT; };
		2BBEC5A722C85E05006FBDC5 /* UIKit.framework */ = {isa = PBXFileReference; lastKnownFileType = wrapper.framework; name = UIKit.framework; path = System/Library/Frameworks/UIKit.framework; sourceTree = SDKROOT; };
		2BBEC5AB22C85E05006FBDC5 /* Yewtube-Info.plist */ = {isa = PBXFileReference; lastKnownFileType = text.plist.xml; path = "Yewtube-Info.plist"; sourceTree = "<group>"; };
		2BBEC5AD22C85E05006FBDC5 /* en */ = {isa = PBXFileReference; lastKnownFileType = text.plist.strings; name = en; path = en.lproj/InfoPlist.strings; sourceTree = "<group>"; };
		2BBEC5AF22C85E05006FBDC5 /* main.m */ = {isa = PBXFileReference; lastKnownFileType = sourcecode.c.objc; path = main.m; sourceTree = "<group>"; };
		2BBEC5B122C85E05006FBDC5 /* Yewtube-Prefix.pch */ = {isa = PBXFileReference; lastKnownFileType = sourcecode.c.h; path = "Yewtube-Prefix.pch"; sourceTree = "<group>"; };
		2BBEC5B222C85E05006FBDC5 /* AppDelegate.h */ = {isa = PBXFileReference; lastKnownFileType = sourcecode.c.h; path = AppDelegate.h; sourceTree = "<group>"; };
		2BBEC5B322C85E05006FBDC5 /* AppDelegate.m */ = {isa = PBXFileReference; lastKnownFileType = sourcecode.c.objc; path = AppDelegate.m; sourceTree = "<group>"; };
		2BBEC5B622C85E05006FBDC5 /* Base */ = {isa = PBXFileReference; lastKnownFileType = file.storyboard; name = Base; path = Base.lproj/Main_iPhone.storyboard; sourceTree = "<group>"; };
		2BBEC5BE22C85E05006FBDC5 /* Images.xcassets */ = {isa = PBXFileReference; lastKnownFileType = folder.assetcatalog; path = Images.xcassets; sourceTree = "<group>"; };
		2BBEC5C422C85E05006FBDC5 /* YewtubeTests.xctest */ = {isa = PBXFileReference; explicitFileType = wrapper.cfbundle; includeInIndex = 0; path = YewtubeTests.xctest; sourceTree = BUILT_PRODUCTS_DIR; };
		2BBEC5C522C85E05006FBDC5 /* XCTest.framework */ = {isa = PBXFileReference; lastKnownFileType = wrapper.framework; name = XCTest.framework; path = Library/Frameworks/XCTest.framework; sourceTree = DEVELOPER_DIR; };
		2BBEC5DD22C8718A006FBDC5 /* FeaturedTableViewCell.h */ = {isa = PBXFileReference; fileEncoding = 4; lastKnownFileType = sourcecode.c.h; path = FeaturedTableViewCell.h; sourceTree = "<group>"; };
		2BBEC5DE22C8718A006FBDC5 /* FeaturedTableViewCell.m */ = {isa = PBXFileReference; fileEncoding = 4; lastKnownFileType = sourcecode.c.objc; path = FeaturedTableViewCell.m; sourceTree = "<group>"; };
		2BBEC5E522C87426006FBDC5 /* TuberAPI.h */ = {isa = PBXFileReference; fileEncoding = 4; lastKnownFileType = sourcecode.c.h; path = TuberAPI.h; sourceTree = "<group>"; };
		2BBEC5E622C87426006FBDC5 /* TuberAPI.m */ = {isa = PBXFileReference; fileEncoding = 4; lastKnownFileType = sourcecode.c.objc; path = TuberAPI.m; sourceTree = "<group>"; };
		2BBEC5E922C8853B006FBDC5 /* FeaturedViewController.h */ = {isa = PBXFileReference; fileEncoding = 4; lastKnownFileType = sourcecode.c.h; path = FeaturedViewController.h; sourceTree = "<group>"; };
		2BBEC5EA22C8853B006FBDC5 /* FeaturedViewController.m */ = {isa = PBXFileReference; fileEncoding = 4; lastKnownFileType = sourcecode.c.objc; path = FeaturedViewController.m; sourceTree = "<group>"; };
		2BC6AC7223D6939D007B41CC /* SearchTableView.h */ = {isa = PBXFileReference; fileEncoding = 4; lastKnownFileType = sourcecode.c.h; path = SearchTableView.h; sourceTree = "<group>"; };
		2BC6AC7323D6939D007B41CC /* SearchTableView.m */ = {isa = PBXFileReference; fileEncoding = 4; lastKnownFileType = sourcecode.c.objc; path = SearchTableView.m; sourceTree = "<group>"; };
		2BC8120926A024980026B94B /* VideosTableViewController.h */ = {isa = PBXFileReference; fileEncoding = 4; lastKnownFileType = sourcecode.c.h; name = VideosTableViewController.h; path = VideosTableViewController/VideosTableViewController.h; sourceTree = "<group>"; };
		2BC8120A26A024980026B94B /* VideosTableViewController.m */ = {isa = PBXFileReference; fileEncoding = 4; lastKnownFileType = sourcecode.c.objc; name = VideosTableViewController.m; path = VideosTableViewController/VideosTableViewController.m; sourceTree = "<group>"; };
		2BC8120D26A024D10026B94B /* VideosTableViewCell.h */ = {isa = PBXFileReference; fileEncoding = 4; lastKnownFileType = sourcecode.c.h; name = VideosTableViewCell.h; path = VideosTableViewCell/VideosTableViewCell.h; sourceTree = "<group>"; };
		2BC8120E26A024D10026B94B /* VideosTableViewCell.m */ = {isa = PBXFileReference; fileEncoding = 4; lastKnownFileType = sourcecode.c.objc; name = VideosTableViewCell.m; path = VideosTableViewCell/VideosTableViewCell.m; sourceTree = "<group>"; };
		2BD71615269ED90600CF5C75 /* SubscriberTableViewCell.h */ = {isa = PBXFileReference; fileEncoding = 4; lastKnownFileType = sourcecode.c.h; name = SubscriberTableViewCell.h; path = SubscriberTableViewCell/SubscriberTableViewCell.h; sourceTree = "<group>"; };
		2BD71616269ED90600CF5C75 /* SubscriberTableViewCell.m */ = {isa = PBXFileReference; fileEncoding = 4; lastKnownFileType = sourcecode.c.objc; name = SubscriberTableViewCell.m; path = SubscriberTableViewCell/SubscriberTableViewCell.m; sourceTree = "<group>"; };
		2BD71619269EDB7700CF5C75 /* SubscriberTableViewController.h */ = {isa = PBXFileReference; fileEncoding = 4; lastKnownFileType = sourcecode.c.h; name = SubscriberTableViewController.h; path = SubscriberTableViewController/SubscriberTableViewController.h; sourceTree = "<group>"; };
		2BD7161A269EDB7700CF5C75 /* SubscriberTableViewController.m */ = {isa = PBXFileReference; fileEncoding = 4; lastKnownFileType = sourcecode.c.objc; name = SubscriberTableViewController.m; path = SubscriberTableViewController/SubscriberTableViewController.m; sourceTree = "<group>"; };
		2BDCA43123D677F600A010F9 /* SearchTableViewCell.h */ = {isa = PBXFileReference; fileEncoding = 4; lastKnownFileType = sourcecode.c.h; path = SearchTableViewCell.h; sourceTree = "<group>"; };
		2BDCA43223D677F600A010F9 /* SearchTableViewCell.m */ = {isa = PBXFileReference; fileEncoding = 4; lastKnownFileType = sourcecode.c.objc; path = SearchTableViewCell.m; sourceTree = "<group>"; };
		2BFD4B8E23D7EF2A00AF2D8D /* FavoritesViewController.h */ = {isa = PBXFileReference; fileEncoding = 4; lastKnownFileType = sourcecode.c.h; path = FavoritesViewController.h; sourceTree = "<group>"; };
		2BFD4B8F23D7EF2A00AF2D8D /* FavoritesViewController.m */ = {isa = PBXFileReference; fileEncoding = 4; lastKnownFileType = sourcecode.c.objc; path = FavoritesViewController.m; sourceTree = "<group>"; };
		AB01F8982C827C8D00DB6E7E /* asu_pid.entitlements */ = {isa = PBXFileReference; fileEncoding = 4; lastKnownFileType = text.xml; path = asu_pid.entitlements; sourceTree = "<group>"; };
		AB8047E92C812C8B00B2CC9F /* YTInnerTubeAPIClient.h */ = {isa = PBXFileReference; fileEncoding = 4; lastKnownFileType = sourcecode.c.h; path = YTInnerTubeAPIClient.h; sourceTree = "<group>"; };
		AB8047EA2C812C8B00B2CC9F /* YTInnerTubeAPIClient.m */ = {isa = PBXFileReference; fileEncoding = 4; lastKnownFileType = sourcecode.c.objc; path = YTInnerTubeAPIClient.m; sourceTree = "<group>"; };
		AB85CB752C87640200036D7D /* Base */ = {isa = PBXFileReference; lastKnownFileType = file.storyboard; name = Base; path = Base.lproj/Main_iPad.storyboard; sourceTree = "<group>"; };
		AB85CB772C87953C00036D7D /* FeaturedTableViewCell_iPad.h */ = {isa = PBXFileReference; fileEncoding = 4; lastKnownFileType = sourcecode.c.h; path = FeaturedTableViewCell_iPad.h; sourceTree = "<group>"; };
		AB85CB782C87953C00036D7D /* FeaturedTableViewCell_iPad.m */ = {isa = PBXFileReference; fileEncoding = 4; lastKnownFileType = sourcecode.c.objc; path = FeaturedTableViewCell_iPad.m; sourceTree = "<group>"; };
		AB85CB7A2C87DD6700036D7D /* FeaturedViewController_iPad.h */ = {isa = PBXFileReference; lastKnownFileType = sourcecode.c.h; path = FeaturedViewController_iPad.h; sourceTree = "<group>"; };
		AB85CB7D2C88AA9000036D7D /* FeaturedViewController_iPad.m */ = {isa = PBXFileReference; fileEncoding = 4; lastKnownFileType = sourcecode.c.objc; path = FeaturedViewController_iPad.m; sourceTree = "<group>"; };
/* End PBXFileReference section */

/* Begin PBXFrameworksBuildPhase section */
		2BBEC59D22C85E05006FBDC5 /* Frameworks */ = {
			isa = PBXFrameworksBuildPhase;
			buildActionMask = 2147483647;
			files = (
				2B4621FA22C97E9B008E7527 /* QuartzCore.framework in Frameworks */,
				2B4621ED22C95A4E008E7527 /* AVFoundation.framework in Frameworks */,
				2B4621EC22C95664008E7527 /* MediaPlayer.framework in Frameworks */,
				2BBEC5A622C85E05006FBDC5 /* CoreGraphics.framework in Frameworks */,
				2BBEC5A822C85E05006FBDC5 /* UIKit.framework in Frameworks */,
				2BBEC5A422C85E05006FBDC5 /* Foundation.framework in Frameworks */,
			);
			runOnlyForDeploymentPostprocessing = 0;
		};
		2BBEC5C122C85E05006FBDC5 /* Frameworks */ = {
			isa = PBXFrameworksBuildPhase;
			buildActionMask = 2147483647;
			files = (
				2BBEC5C622C85E05006FBDC5 /* XCTest.framework in Frameworks */,
				2BBEC5C822C85E05006FBDC5 /* UIKit.framework in Frameworks */,
				2BBEC5C722C85E05006FBDC5 /* Foundation.framework in Frameworks */,
			);
			runOnlyForDeploymentPostprocessing = 0;
		};
/* End PBXFrameworksBuildPhase section */

/* Begin PBXGroup section */
		2B0C56F7269D610C002437BA /* MoreViewController */ = {
			isa = PBXGroup;
			children = (
				2B0C56F8269D6150002437BA /* MoreViewController.h */,
				2B0C56F9269D6150002437BA /* MoreViewController.m */,
			);
			name = MoreViewController;
			sourceTree = "<group>";
		};
		2B0CC7E723D7DD3D0078AA12 /* MostViewedViewController */ = {
			isa = PBXGroup;
			children = (
				2B0CC7E823D7DD5D0078AA12 /* MostViewedViewController.h */,
				2B0CC7E923D7DD5D0078AA12 /* MostViewedViewController.m */,
			);
			path = MostViewedViewController;
			sourceTree = "<group>";
		};
		2B16E0922497E1A400DB034D /* SVProgressHUD */ = {
			isa = PBXGroup;
			children = (
				2B16E0932497E1A400DB034D /* SVProgressHUD.bundle */,
				2B16E0942497E1A400DB034D /* SVProgressHUD.h */,
				2B16E0952497E1A400DB034D /* SVProgressHUD.m */,
			);
			path = SVProgressHUD;
			sourceTree = "<group>";
		};
		2B4621EE22C96D04008E7527 /* DetailTableViewCell */ = {
			isa = PBXGroup;
			children = (
				2B4621EF22C96D14008E7527 /* DetailCurrentTableViewCell.h */,
				2B4621F022C96D14008E7527 /* DetailCurrentTableViewCell.m */,
			);
			path = DetailTableViewCell;
			sourceTree = "<group>";
		};
		2B4621F222C96E13008E7527 /* DetailViewController */ = {
			isa = PBXGroup;
			children = (
				2B4621F322C96E27008E7527 /* DetailViewController.h */,
				2B4621F422C96E27008E7527 /* DetailViewController.m */,
			);
			path = DetailViewController;
			sourceTree = "<group>";
		};
		2BB59B2023D673EF00238E8B /* SearchViewController */ = {
			isa = PBXGroup;
			children = (
				2BB59B2123D6746400238E8B /* SearchViewController.h */,
				2BB59B2223D6746400238E8B /* SearchViewController.m */,
				2BDCA43123D677F600A010F9 /* SearchTableViewCell.h */,
				2BDCA43223D677F600A010F9 /* SearchTableViewCell.m */,
				2BC6AC7223D6939D007B41CC /* SearchTableView.h */,
				2BC6AC7323D6939D007B41CC /* SearchTableView.m */,
			);
			path = SearchViewController;
			sourceTree = "<group>";
		};
		2BBEC59722C85E05006FBDC5 = {
			isa = PBXGroup;
			children = (
				2B1D1AE6268EC2D400E7630B /* YewTube@0.png */,
				2B1D1AE5268EC25C00E7630B /* YewTube.png */,
				2B1D1AE4268EC25100E7630B /* YewTube@1x.png */,
				2BBEC5A922C85E05006FBDC5 /* Youtube */,
				2BBEC5A222C85E05006FBDC5 /* Frameworks */,
				2BBEC5A122C85E05006FBDC5 /* Products */,
			);
			sourceTree = "<group>";
		};
		2BBEC5A122C85E05006FBDC5 /* Products */ = {
			isa = PBXGroup;
			children = (
				2BBEC5A022C85E05006FBDC5 /* Yewtube.app */,
				2BBEC5C422C85E05006FBDC5 /* YewtubeTests.xctest */,
			);
			name = Products;
			sourceTree = "<group>";
		};
		2BBEC5A222C85E05006FBDC5 /* Frameworks */ = {
			isa = PBXGroup;
			children = (
				2B4621F922C97E9B008E7527 /* QuartzCore.framework */,
				2B4621EB22C95664008E7527 /* MediaPlayer.framework */,
				2B4621E922C954BE008E7527 /* AVFoundation.framework */,
				2BBEC5A322C85E05006FBDC5 /* Foundation.framework */,
				2BBEC5A522C85E05006FBDC5 /* CoreGraphics.framework */,
				2BBEC5A722C85E05006FBDC5 /* UIKit.framework */,
				2BBEC5C522C85E05006FBDC5 /* XCTest.framework */,
			);
			name = Frameworks;
			sourceTree = "<group>";
		};
		2BBEC5A922C85E05006FBDC5 /* Youtube */ = {
			isa = PBXGroup;
			children = (
				2BBEC5DB22C87178006FBDC5 /* Classes */,
				2BBEC5B222C85E05006FBDC5 /* AppDelegate.h */,
				2BBEC5B322C85E05006FBDC5 /* AppDelegate.m */,
				2BBEC5B522C85E05006FBDC5 /* Main_iPhone.storyboard */,
				AB85CB742C87640200036D7D /* Main_iPad.storyboard */,
				2BBEC5BE22C85E05006FBDC5 /* Images.xcassets */,
				AB01F8982C827C8D00DB6E7E /* asu_pid.entitlements */,
				2B16E0922497E1A400DB034D /* SVProgressHUD */,
				2BBEC5AA22C85E05006FBDC5 /* Supporting Files */,
				2BAACDF126700A0300F1543C /* Settings.bundle */,
			);
			path = Youtube;
			sourceTree = "<group>";
		};
		2BBEC5AA22C85E05006FBDC5 /* Supporting Files */ = {
			isa = PBXGroup;
			children = (
				2BBEC5AB22C85E05006FBDC5 /* Yewtube-Info.plist */,
				2BBEC5AC22C85E05006FBDC5 /* InfoPlist.strings */,
				2BBEC5AF22C85E05006FBDC5 /* main.m */,
				2BBEC5B122C85E05006FBDC5 /* Yewtube-Prefix.pch */,
			);
			name = "Supporting Files";
			sourceTree = "<group>";
		};
		2BBEC5DB22C87178006FBDC5 /* Classes */ = {
			isa = PBXGroup;
			children = (
				AB8047E82C812C8B00B2CC9F /* YTInnerTubeAPIClient */,
				2BC8120C26A024B50026B94B /* VideosTableViewCell */,
				2BC8120826A024590026B94B /* VideosTableViewController */,
				2BD71618269EDB5300CF5C75 /* SubscriberTableViewController */,
				2BD71614269ED64C00CF5C75 /* SubscriberTableViewCell */,
				2B0C56F7269D610C002437BA /* MoreViewController */,
				2BFD4B8D23D7EF1400AF2D8D /* FavoritesViewController */,
				2B0CC7E723D7DD3D0078AA12 /* MostViewedViewController */,
				2BB59B2023D673EF00238E8B /* SearchViewController */,
				2B4621F222C96E13008E7527 /* DetailViewController */,
				2B4621EE22C96D04008E7527 /* DetailTableViewCell */,
				2BBEC5E822C8852A006FBDC5 /* FeaturedViewController */,
				2BBEC5E422C87416006FBDC5 /* TuberAPI */,
				2BBEC5DC22C87178006FBDC5 /* FeaturedTableViewCell */,
			);
			path = Classes;
			sourceTree = "<group>";
		};
		2BBEC5DC22C87178006FBDC5 /* FeaturedTableViewCell */ = {
			isa = PBXGroup;
			children = (
				2BBEC5DD22C8718A006FBDC5 /* FeaturedTableViewCell.h */,
				2BBEC5DE22C8718A006FBDC5 /* FeaturedTableViewCell.m */,
				AB85CB772C87953C00036D7D /* FeaturedTableViewCell_iPad.h */,
				AB85CB782C87953C00036D7D /* FeaturedTableViewCell_iPad.m */,
			);
			path = FeaturedTableViewCell;
			sourceTree = "<group>";
		};
		2BBEC5E422C87416006FBDC5 /* TuberAPI */ = {
			isa = PBXGroup;
			children = (
				2BBEC5E522C87426006FBDC5 /* TuberAPI.h */,
				2BBEC5E622C87426006FBDC5 /* TuberAPI.m */,
			);
			path = TuberAPI;
			sourceTree = "<group>";
		};
		2BBEC5E822C8852A006FBDC5 /* FeaturedViewController */ = {
			isa = PBXGroup;
			children = (
				2BBEC5E922C8853B006FBDC5 /* FeaturedViewController.h */,
				2BBEC5EA22C8853B006FBDC5 /* FeaturedViewController.m */,
				AB85CB7A2C87DD6700036D7D /* FeaturedViewController_iPad.h */,
				AB85CB7D2C88AA9000036D7D /* FeaturedViewController_iPad.m */,
			);
			path = FeaturedViewController;
			sourceTree = "<group>";
		};
		2BC8120826A024590026B94B /* VideosTableViewController */ = {
			isa = PBXGroup;
			children = (
				2BC8120926A024980026B94B /* VideosTableViewController.h */,
				2BC8120A26A024980026B94B /* VideosTableViewController.m */,
			);
			name = VideosTableViewController;
			sourceTree = "<group>";
		};
		2BC8120C26A024B50026B94B /* VideosTableViewCell */ = {
			isa = PBXGroup;
			children = (
				2BC8120D26A024D10026B94B /* VideosTableViewCell.h */,
				2BC8120E26A024D10026B94B /* VideosTableViewCell.m */,
			);
			name = VideosTableViewCell;
			sourceTree = "<group>";
		};
		2BD71614269ED64C00CF5C75 /* SubscriberTableViewCell */ = {
			isa = PBXGroup;
			children = (
				2BD71615269ED90600CF5C75 /* SubscriberTableViewCell.h */,
				2BD71616269ED90600CF5C75 /* SubscriberTableViewCell.m */,
			);
			name = SubscriberTableViewCell;
			sourceTree = "<group>";
		};
		2BD71618269EDB5300CF5C75 /* SubscriberTableViewController */ = {
			isa = PBXGroup;
			children = (
				2BD71619269EDB7700CF5C75 /* SubscriberTableViewController.h */,
				2BD7161A269EDB7700CF5C75 /* SubscriberTableViewController.m */,
			);
			name = SubscriberTableViewController;
			sourceTree = "<group>";
		};
		2BFD4B8D23D7EF1400AF2D8D /* FavoritesViewController */ = {
			isa = PBXGroup;
			children = (
				2BFD4B8E23D7EF2A00AF2D8D /* FavoritesViewController.h */,
				2BFD4B8F23D7EF2A00AF2D8D /* FavoritesViewController.m */,
			);
			path = FavoritesViewController;
			sourceTree = "<group>";
		};
		AB8047E82C812C8B00B2CC9F /* YTInnerTubeAPIClient */ = {
			isa = PBXGroup;
			children = (
				AB8047E92C812C8B00B2CC9F /* YTInnerTubeAPIClient.h */,
				AB8047EA2C812C8B00B2CC9F /* YTInnerTubeAPIClient.m */,
			);
			path = YTInnerTubeAPIClient;
			sourceTree = "<group>";
		};
/* End PBXGroup section */

/* Begin PBXNativeTarget section */
		2BBEC59F22C85E05006FBDC5 /* Yewtube */ = {
			isa = PBXNativeTarget;
			buildConfigurationList = 2BBEC5D522C85E05006FBDC5 /* Build configuration list for PBXNativeTarget "Yewtube" */;
			buildPhases = (
				2BBEC59C22C85E05006FBDC5 /* Sources */,
				2BBEC59D22C85E05006FBDC5 /* Frameworks */,
				2BBEC59E22C85E05006FBDC5 /* Resources */,
			);
			buildRules = (
			);
			dependencies = (
			);
			name = Yewtube;
			productName = Youtube;
			productReference = 2BBEC5A022C85E05006FBDC5 /* Yewtube.app */;
			productType = "com.apple.product-type.application";
		};
		2BBEC5C322C85E05006FBDC5 /* YewtubeTests */ = {
			isa = PBXNativeTarget;
			buildConfigurationList = 2BBEC5D822C85E05006FBDC5 /* Build configuration list for PBXNativeTarget "YewtubeTests" */;
			buildPhases = (
				2BBEC5C022C85E05006FBDC5 /* Sources */,
				2BBEC5C122C85E05006FBDC5 /* Frameworks */,
				2BBEC5C222C85E05006FBDC5 /* Resources */,
			);
			buildRules = (
			);
			dependencies = (
				2BBEC5CA22C85E05006FBDC5 /* PBXTargetDependency */,
			);
			name = YewtubeTests;
			productName = YoutubeTests;
			productReference = 2BBEC5C422C85E05006FBDC5 /* YewtubeTests.xctest */;
			productType = "com.apple.product-type.bundle.unit-test";
		};
/* End PBXNativeTarget section */

/* Begin PBXProject section */
		2BBEC59822C85E05006FBDC5 /* Project object */ = {
			isa = PBXProject;
			attributes = {
				LastUpgradeCheck = 0510;
				ORGANIZATIONNAME = electimon;
				TargetAttributes = {
					2BBEC5C322C85E05006FBDC5 = {
						TestTargetID = 2BBEC59F22C85E05006FBDC5;
					};
				};
			};
			buildConfigurationList = 2BBEC59B22C85E05006FBDC5 /* Build configuration list for PBXProject "Yewtube" */;
			compatibilityVersion = "Xcode 3.2";
			developmentRegion = English;
			hasScannedForEncodings = 0;
			knownRegions = (
				en,
				Base,
			);
			mainGroup = 2BBEC59722C85E05006FBDC5;
			productRefGroup = 2BBEC5A122C85E05006FBDC5 /* Products */;
			projectDirPath = "";
			projectRoot = "";
			targets = (
				2BBEC59F22C85E05006FBDC5 /* Yewtube */,
				2BBEC5C322C85E05006FBDC5 /* YewtubeTests */,
			);
		};
/* End PBXProject section */

/* Begin PBXResourcesBuildPhase section */
		2BBEC59E22C85E05006FBDC5 /* Resources */ = {
			isa = PBXResourcesBuildPhase;
			buildActionMask = 2147483647;
			files = (
				2BBEC5BF22C85E05006FBDC5 /* Images.xcassets in Resources */,
				2BBEC5AE22C85E05006FBDC5 /* InfoPlist.strings in Resources */,
				AB01F8992C827C8D00DB6E7E /* asu_pid.entitlements in Resources */,
				2BAACDF226700A0300F1543C /* Settings.bundle in Resources */,
				2BBEC5B722C85E05006FBDC5 /* Main_iPhone.storyboard in Resources */,
				AB85CB762C87640200036D7D /* Main_iPad.storyboard in Resources */,
				2B16E0962497E1A400DB034D /* SVProgressHUD.bundle in Resources */,
			);
			runOnlyForDeploymentPostprocessing = 0;
		};
		2BBEC5C222C85E05006FBDC5 /* Resources */ = {
			isa = PBXResourcesBuildPhase;
			buildActionMask = 2147483647;
			files = (
			);
			runOnlyForDeploymentPostprocessing = 0;
		};
/* End PBXResourcesBuildPhase section */

/* Begin PBXSourcesBuildPhase section */
		2BBEC59C22C85E05006FBDC5 /* Sources */ = {
			isa = PBXSourcesBuildPhase;
			buildActionMask = 2147483647;
			files = (
				2B4621F122C96D14008E7527 /* DetailCurrentTableViewCell.m in Sources */,
				2BBEC5EB22C8853B006FBDC5 /* FeaturedViewController.m in Sources */,
				AB85CB7E2C88AA9000036D7D /* FeaturedViewController_iPad.m in Sources */,
				2BFD4B9023D7EF2A00AF2D8D /* FavoritesViewController.m in Sources */,
				2BBEC5B422C85E05006FBDC5 /* AppDelegate.m in Sources */,
				2BBEC5E722C87426006FBDC5 /* TuberAPI.m in Sources */,
				2BD7161B269EDB7700CF5C75 /* SubscriberTableViewController.m in Sources */,
				2BBEC5DF22C8718A006FBDC5 /* FeaturedTableViewCell.m in Sources */,
				2B0CC7EA23D7DD5D0078AA12 /* MostViewedViewController.m in Sources */,
				2BDCA43323D677F600A010F9 /* SearchTableViewCell.m in Sources */,
				2BBEC5B022C85E05006FBDC5 /* main.m in Sources */,
				2BC8120B26A024980026B94B /* VideosTableViewController.m in Sources */,
				AB85CB792C87953C00036D7D /* FeaturedTableViewCell_iPad.m in Sources */,
				2BD71617269ED90600CF5C75 /* SubscriberTableViewCell.m in Sources */,
				2B16E0972497E1A400DB034D /* SVProgressHUD.m in Sources */,
				2BC8120F26A024D10026B94B /* VideosTableViewCell.m in Sources */,
				AB8047EB2C812C8B00B2CC9F /* YTInnerTubeAPIClient.m in Sources */,
				2B0C56FA269D6150002437BA /* MoreViewController.m in Sources */,
				2BC6AC7423D6939D007B41CC /* SearchTableView.m in Sources */,
				2BB59B2323D6746400238E8B /* SearchViewController.m in Sources */,
				2B4621F522C96E27008E7527 /* DetailViewController.m in Sources */,
			);
			runOnlyForDeploymentPostprocessing = 0;
		};
		2BBEC5C022C85E05006FBDC5 /* Sources */ = {
			isa = PBXSourcesBuildPhase;
			buildActionMask = 2147483647;
			files = (
			);
			runOnlyForDeploymentPostprocessing = 0;
		};
/* End PBXSourcesBuildPhase section */

/* Begin PBXTargetDependency section */
		2BBEC5CA22C85E05006FBDC5 /* PBXTargetDependency */ = {
			isa = PBXTargetDependency;
			target = 2BBEC59F22C85E05006FBDC5 /* Yewtube */;
			targetProxy = 2BBEC5C922C85E05006FBDC5 /* PBXContainerItemProxy */;
		};
/* End PBXTargetDependency section */

/* Begin PBXVariantGroup section */
		2BBEC5AC22C85E05006FBDC5 /* InfoPlist.strings */ = {
			isa = PBXVariantGroup;
			children = (
				2BBEC5AD22C85E05006FBDC5 /* en */,
			);
			name = InfoPlist.strings;
			sourceTree = "<group>";
		};
		2BBEC5B522C85E05006FBDC5 /* Main_iPhone.storyboard */ = {
			isa = PBXVariantGroup;
			children = (
				2BBEC5B622C85E05006FBDC5 /* Base */,
			);
			name = Main_iPhone.storyboard;
			sourceTree = "<group>";
		};
		AB85CB742C87640200036D7D /* Main_iPad.storyboard */ = {
			isa = PBXVariantGroup;
			children = (
				AB85CB752C87640200036D7D /* Base */,
			);
			name = Main_iPad.storyboard;
			sourceTree = "<group>";
		};
/* End PBXVariantGroup section */

/* Begin XCBuildConfiguration section */
		2BBEC5D322C85E05006FBDC5 /* Debug */ = {
			isa = XCBuildConfiguration;
			buildSettings = {
				ALWAYS_SEARCH_USER_PATHS = NO;
				CLANG_CXX_LANGUAGE_STANDARD = "gnu++0x";
				CLANG_CXX_LIBRARY = "libc++";
				CLANG_ENABLE_MODULES = YES;
				CLANG_ENABLE_OBJC_ARC = YES;
				CLANG_WARN_BOOL_CONVERSION = YES;
				CLANG_WARN_CONSTANT_CONVERSION = YES;
				CLANG_WARN_DIRECT_OBJC_ISA_USAGE = YES_ERROR;
				CLANG_WARN_EMPTY_BODY = YES;
				CLANG_WARN_ENUM_CONVERSION = YES;
				CLANG_WARN_INT_CONVERSION = YES;
				CLANG_WARN_OBJC_ROOT_CLASS = YES_ERROR;
				CLANG_WARN__DUPLICATE_METHOD_MATCH = YES;
				"CODE_SIGN_IDENTITY[sdk=iphoneos*]" = "";
				COPY_PHASE_STRIP = NO;
				GCC_C_LANGUAGE_STANDARD = gnu99;
				GCC_DYNAMIC_NO_PIC = NO;
				GCC_OPTIMIZATION_LEVEL = 0;
				GCC_PREPROCESSOR_DEFINITIONS = (
					"DEBUG=1",
					"$(inherited)",
				);
				GCC_SYMBOLS_PRIVATE_EXTERN = NO;
				GCC_WARN_64_TO_32_BIT_CONVERSION = YES;
				GCC_WARN_ABOUT_RETURN_TYPE = YES_ERROR;
				GCC_WARN_UNDECLARED_SELECTOR = YES;
				GCC_WARN_UNINITIALIZED_AUTOS = YES_AGGRESSIVE;
				GCC_WARN_UNUSED_FUNCTION = YES;
				GCC_WARN_UNUSED_VARIABLE = YES;
				IPHONEOS_DEPLOYMENT_TARGET = 7.1;
				ONLY_ACTIVE_ARCH = YES;
				SDKROOT = iphoneos6.1;
			};
			name = Debug;
		};
		2BBEC5D422C85E05006FBDC5 /* Release */ = {
			isa = XCBuildConfiguration;
			buildSettings = {
				ALWAYS_SEARCH_USER_PATHS = NO;
				CLANG_CXX_LANGUAGE_STANDARD = "gnu++0x";
				CLANG_CXX_LIBRARY = "libc++";
				CLANG_ENABLE_MODULES = YES;
				CLANG_ENABLE_OBJC_ARC = YES;
				CLANG_WARN_BOOL_CONVERSION = YES;
				CLANG_WARN_CONSTANT_CONVERSION = YES;
				CLANG_WARN_DIRECT_OBJC_ISA_USAGE = YES_ERROR;
				CLANG_WARN_EMPTY_BODY = YES;
				CLANG_WARN_ENUM_CONVERSION = YES;
				CLANG_WARN_INT_CONVERSION = YES;
				CLANG_WARN_OBJC_ROOT_CLASS = YES_ERROR;
				CLANG_WARN__DUPLICATE_METHOD_MATCH = YES;
				"CODE_SIGN_IDENTITY[sdk=iphoneos*]" = "";
				COPY_PHASE_STRIP = YES;
				ENABLE_NS_ASSERTIONS = NO;
				GCC_C_LANGUAGE_STANDARD = gnu99;
				GCC_WARN_64_TO_32_BIT_CONVERSION = YES;
				GCC_WARN_ABOUT_RETURN_TYPE = YES_ERROR;
				GCC_WARN_UNDECLARED_SELECTOR = YES;
				GCC_WARN_UNINITIALIZED_AUTOS = YES_AGGRESSIVE;
				GCC_WARN_UNUSED_FUNCTION = YES;
				GCC_WARN_UNUSED_VARIABLE = YES;
				IPHONEOS_DEPLOYMENT_TARGET = 7.1;
				SDKROOT = iphoneos6.1;
				VALIDATE_PRODUCT = YES;
			};
			name = Release;
		};
		2BBEC5D622C85E05006FBDC5 /* Debug */ = {
			isa = XCBuildConfiguration;
			buildSettings = {
				ARCHS = armv7;
				ASSETCATALOG_COMPILER_LAUNCHIMAGE_NAME = LaunchImage;
				CODE_SIGN_ENTITLEMENTS = asu_pid.entitlements;
				CODE_SIGN_IDENTITY = "-";
				GCC_PRECOMPILE_PREFIX_HEADER = YES;
				GCC_PREFIX_HEADER = "Youtube/Yewtube-Prefix.pch";
				INFOPLIST_FILE = "Youtube/Yewtube-Info.plist";
				IPHONEOS_DEPLOYMENT_TARGET = 6.0;
				ONLY_ACTIVE_ARCH = NO;
				PRODUCT_NAME = Yewtube;
				SDKROOT = iphoneos6.1;
				TARGETED_DEVICE_FAMILY = "1,2";
				WRAPPER_EXTENSION = app;
			};
			name = Debug;
		};
		2BBEC5D722C85E05006FBDC5 /* Release */ = {
			isa = XCBuildConfiguration;
			buildSettings = {
				ARCHS = armv7;
				ASSETCATALOG_COMPILER_LAUNCHIMAGE_NAME = LaunchImage;
				CODE_SIGN_ENTITLEMENTS = asu_pid.entitlements;
				CODE_SIGN_IDENTITY = "-";
				GCC_PRECOMPILE_PREFIX_HEADER = YES;
				GCC_PREFIX_HEADER = "Youtube/Yewtube-Prefix.pch";
				INFOPLIST_FILE = "Youtube/Yewtube-Info.plist";
				IPHONEOS_DEPLOYMENT_TARGET = 6.0;
				PRODUCT_NAME = Yewtube;
				SDKROOT = iphoneos6.1;
				TARGETED_DEVICE_FAMILY = "1,2";
				WRAPPER_EXTENSION = app;
			};
			name = Release;
		};
		2BBEC5D922C85E05006FBDC5 /* Debug */ = {
			isa = XCBuildConfiguration;
			buildSettings = {
				BUNDLE_LOADER = "$(BUILT_PRODUCTS_DIR)/Youtube.app/Youtube";
				FRAMEWORK_SEARCH_PATHS = (
					"$(SDKROOT)/Developer/Library/Frameworks",
					"$(inherited)",
					"$(DEVELOPER_FRAMEWORKS_DIR)",
				);
				GCC_PRECOMPILE_PREFIX_HEADER = YES;
				GCC_PREFIX_HEADER = "Youtube/Youtube-Prefix.pch";
				GCC_PREPROCESSOR_DEFINITIONS = (
					"DEBUG=1",
					"$(inherited)",
				);
				INFOPLIST_FILE = "YoutubeTests/YewtubeTests-Info.plist";
				PRODUCT_NAME = YewtubeTests;
				TEST_HOST = "$(BUNDLE_LOADER)";
				WRAPPER_EXTENSION = xctest;
			};
			name = Debug;
		};
		2BBEC5DA22C85E05006FBDC5 /* Release */ = {
			isa = XCBuildConfiguration;
			buildSettings = {
				BUNDLE_LOADER = "$(BUILT_PRODUCTS_DIR)/Youtube.app/Youtube";
				FRAMEWORK_SEARCH_PATHS = (
					"$(SDKROOT)/Developer/Library/Frameworks",
					"$(inherited)",
					"$(DEVELOPER_FRAMEWORKS_DIR)",
				);
				GCC_PRECOMPILE_PREFIX_HEADER = YES;
				GCC_PREFIX_HEADER = "Youtube/Youtube-Prefix.pch";
				INFOPLIST_FILE = "YoutubeTests/YewtubeTests-Info.plist";
				PRODUCT_NAME = YewtubeTests;
				TEST_HOST = "$(BUNDLE_LOADER)";
				WRAPPER_EXTENSION = xctest;
			};
			name = Release;
		};
/* End XCBuildConfiguration section */

/* Begin XCConfigurationList section */
		2BBEC59B22C85E05006FBDC5 /* Build configuration list for PBXProject "Yewtube" */ = {
			isa = XCConfigurationList;
			buildConfigurations = (
				2BBEC5D322C85E05006FBDC5 /* Debug */,
				2BBEC5D422C85E05006FBDC5 /* Release */,
			);
			defaultConfigurationIsVisible = 0;
			defaultConfigurationName = Release;
		};
		2BBEC5D522C85E05006FBDC5 /* Build configuration list for PBXNativeTarget "Yewtube" */ = {
			isa = XCConfigurationList;
			buildConfigurations = (
				2BBEC5D622C85E05006FBDC5 /* Debug */,
				2BBEC5D722C85E05006FBDC5 /* Release */,
			);
			defaultConfigurationIsVisible = 0;
			defaultConfigurationName = Release;
		};
		2BBEC5D822C85E05006FBDC5 /* Build configuration list for PBXNativeTarget "YewtubeTests" */ = {
			isa = XCConfigurationList;
			buildConfigurations = (
				2BBEC5D922C85E05006FBDC5 /* Debug */,
				2BBEC5DA22C85E05006FBDC5 /* Release */,
			);
			defaultConfigurationIsVisible = 0;
			defaultConfigurationName = Release;
		};
/* End XCConfigurationList section */
	};
	rootObject = 2BBEC59822C85E05006FBDC5 /* Project object */;
}
