// !$*UTF8*$!
{
	archiveVersion = 1;
	classes = {
	};
	objectVersion = 46;
	objects = {

/* Begin PBXBuildFile section */
		2B0CC7EA23D7DD5D0078AA12 /* MostViewedViewController.m in Sources */ = {isa = PBXBuildFile; fileRef = 2B0CC7E923D7DD5D0078AA12 /* MostViewedViewController.m */; };
		2B16E0962497E1A400DB034D /* SVProgressHUD.bundle in Resources */ = {isa = PBXBuildFile; fileRef = 2B16E0932497E1A400DB034D /* SVProgressHUD.bundle */; };
		2B16E0972497E1A400DB034D /* SVProgressHUD.m in Sources */ = {isa = PBXBuildFile; fileRef = 2B16E0952497E1A400DB034D /* SVProgressHUD.m */; };
		2B4621EC22C95664008E7527 /* MediaPlayer.framework in Frameworks */ = {isa = PBXBuildFile; fileRef = 2B4621EB22C95664008E7527 /* MediaPlayer.framework */; };
		2B4621ED22C95A4E008E7527 /* AVFoundation.framework in Frameworks */ = {isa = PBXBuildFile; fileRef = 2B4621E922C954BE008E7527 /* AVFoundation.framework */; };
		2B4621F122C96D14008E7527 /* DetailCurrentTableViewCell.m in Sources */ = {isa = PBXBuildFile; fileRef = 2B4621F022C96D14008E7527 /* DetailCurrentTableViewCell.m */; };
		2B4621F522C96E27008E7527 /* DetailViewController.m in Sources */ = {isa = PBXBuildFile; fileRef = 2B4621F422C96E27008E7527 /* DetailViewController.m */; };
		2B4621FA22C97E9B008E7527 /* QuartzCore.framework in Frameworks */ = {isa = PBXBuildFile; fileRef = 2B4621F922C97E9B008E7527 /* QuartzCore.framework */; };
		2BB59B2323D6746400238E8B /* SearchViewController.m in Sources */ = {isa = PBXBuildFile; fileRef = 2BB59B2223D6746400238E8B /* SearchViewController.m */; };
		2BBEC5A422C85E05006FBDC5 /* Foundation.framework in Frameworks */ = {isa = PBXBuildFile; fileRef = 2BBEC5A322C85E05006FBDC5 /* Foundation.framework */; };
		2BBEC5A622C85E05006FBDC5 /* CoreGraphics.framework in Frameworks */ = {isa = PBXBuildFile; fileRef = 2BBEC5A522C85E05006FBDC5 /* CoreGraphics.framework */; };
		2BBEC5A822C85E05006FBDC5 /* UIKit.framework in Frameworks */ = {isa = PBXBuildFile; fileRef = 2BBEC5A722C85E05006FBDC5 /* UIKit.framework */; };
		2BBEC5AE22C85E05006FBDC5 /* InfoPlist.strings in Resources */ = {isa = PBXBuildFile; fileRef = 2BBEC5AC22C85E05006FBDC5 /* InfoPlist.strings */; };
		2BBEC5B022C85E05006FBDC5 /* main.m in Sources */ = {isa = PBXBuildFile; fileRef = 2BBEC5AF22C85E05006FBDC5 /* main.m */; };
		2BBEC5B422C85E05006FBDC5 /* AppDelegate.m in Sources */ = {isa = PBXBuildFile; fileRef = 2BBEC5B322C85E05006FBDC5 /* AppDelegate.m */; };
		2BBEC5B722C85E05006FBDC5 /* Main.storyboard in Resources */ = {isa = PBXBuildFile; fileRef = 2BBEC5B522C85E05006FBDC5 /* Main.storyboard */; };
		2BBEC5BF22C85E05006FBDC5 /* Images.xcassets in Resources */ = {isa = PBXBuildFile; fileRef = 2BBEC5BE22C85E05006FBDC5 /* Images.xcassets */; };
		2BBEC5C622C85E05006FBDC5 /* XCTest.framework in Frameworks */ = {isa = PBXBuildFile; fileRef = 2BBEC5C522C85E05006FBDC5 /* XCTest.framework */; };
		2BBEC5C722C85E05006FBDC5 /* Foundation.framework in Frameworks */ = {isa = PBXBuildFile; fileRef = 2BBEC5A322C85E05006FBDC5 /* Foundation.framework */; };
		2BBEC5C822C85E05006FBDC5 /* UIKit.framework in Frameworks */ = {isa = PBXBuildFile; fileRef = 2BBEC5A722C85E05006FBDC5 /* UIKit.framework */; };
		2BBEC5D022C85E05006FBDC5 /* InfoPlist.strings in Resources */ = {isa = PBXBuildFile; fileRef = 2BBEC5CE22C85E05006FBDC5 /* InfoPlist.strings */; };
		2BBEC5D222C85E05006FBDC5 /* YoutubeTests.m in Sources */ = {isa = PBXBuildFile; fileRef = 2BBEC5D122C85E05006FBDC5 /* YoutubeTests.m */; };
		2BBEC5DF22C8718A006FBDC5 /* FeaturedTableViewCell.m in Sources */ = {isa = PBXBuildFile; fileRef = 2BBEC5DE22C8718A006FBDC5 /* FeaturedTableViewCell.m */; };
		2BBEC5E722C87426006FBDC5 /* TuberAPI.m in Sources */ = {isa = PBXBuildFile; fileRef = 2BBEC5E622C87426006FBDC5 /* TuberAPI.m */; };
		2BBEC5EB22C8853B006FBDC5 /* FeaturedViewController.m in Sources */ = {isa = PBXBuildFile; fileRef = 2BBEC5EA22C8853B006FBDC5 /* FeaturedViewController.m */; };
		2BC6AC7423D6939D007B41CC /* SearchTableView.m in Sources */ = {isa = PBXBuildFile; fileRef = 2BC6AC7323D6939D007B41CC /* SearchTableView.m */; };
		2BDCA43323D677F600A010F9 /* SearchTableViewCell.m in Sources */ = {isa = PBXBuildFile; fileRef = 2BDCA43223D677F600A010F9 /* SearchTableViewCell.m */; };
		2BFD4B9023D7EF2A00AF2D8D /* FavoritesViewController.m in Sources */ = {isa = PBXBuildFile; fileRef = 2BFD4B8F23D7EF2A00AF2D8D /* FavoritesViewController.m */; };
/* End PBXBuildFile section */

/* Begin PBXContainerItemProxy section */
		2BBEC5C922C85E05006FBDC5 /* PBXContainerItemProxy */ = {
			isa = PBXContainerItemProxy;
			containerPortal = 2BBEC59822C85E05006FBDC5 /* Project object */;
			proxyType = 1;
			remoteGlobalIDString = 2BBEC59F22C85E05006FBDC5;
			remoteInfo = Youtube;
		};
/* End PBXContainerItemProxy section */

/* Begin PBXFileReference section */
		2B0CC7E823D7DD5D0078AA12 /* MostViewedViewController.h */ = {isa = PBXFileReference; fileEncoding = 4; lastKnownFileType = sourcecode.c.h; path = MostViewedViewController.h; sourceTree = "<group>"; };
		2B0CC7E923D7DD5D0078AA12 /* MostViewedViewController.m */ = {isa = PBXFileReference; fileEncoding = 4; lastKnownFileType = sourcecode.c.objc; path = MostViewedViewController.m; sourceTree = "<group>"; };
		2B16E0932497E1A400DB034D /* SVProgressHUD.bundle */ = {isa = PBXFileReference; lastKnownFileType = "wrapper.plug-in"; path = SVProgressHUD.bundle; sourceTree = "<group>"; };
		2B16E0942497E1A400DB034D /* SVProgressHUD.h */ = {isa = PBXFileReference; fileEncoding = 4; lastKnownFileType = sourcecode.c.h; path = SVProgressHUD.h; sourceTree = "<group>"; };
		2B16E0952497E1A400DB034D /* SVProgressHUD.m */ = {isa = PBXFileReference; fileEncoding = 4; lastKnownFileType = sourcecode.c.objc; path = SVProgressHUD.m; sourceTree = "<group>"; };
		2B4621E922C954BE008E7527 /* AVFoundation.framework */ = {isa = PBXFileReference; lastKnownFileType = wrapper.framework; name = AVFoundation.framework; path = Platforms/iPhoneOS.platform/Developer/SDKs/iPhoneOS6.1.sdk/System/Library/Frameworks/AVFoundation.framework; sourceTree = DEVELOPER_DIR; };
		2B4621EB22C95664008E7527 /* MediaPlayer.framework */ = {isa = PBXFileReference; lastKnownFileType = wrapper.framework; name = MediaPlayer.framework; path = Platforms/iPhoneOS.platform/Developer/SDKs/iPhoneOS6.1.sdk/System/Library/Frameworks/MediaPlayer.framework; sourceTree = DEVELOPER_DIR; };
		2B4621EF22C96D14008E7527 /* DetailCurrentTableViewCell.h */ = {isa = PBXFileReference; fileEncoding = 4; lastKnownFileType = sourcecode.c.h; path = DetailCurrentTableViewCell.h; sourceTree = "<group>"; };
		2B4621F022C96D14008E7527 /* DetailCurrentTableViewCell.m */ = {isa = PBXFileReference; fileEncoding = 4; lastKnownFileType = sourcecode.c.objc; path = DetailCurrentTableViewCell.m; sourceTree = "<group>"; };
		2B4621F322C96E27008E7527 /* DetailViewController.h */ = {isa = PBXFileReference; fileEncoding = 4; lastKnownFileType = sourcecode.c.h; path = DetailViewController.h; sourceTree = "<group>"; };
		2B4621F422C96E27008E7527 /* DetailViewController.m */ = {isa = PBXFileReference; fileEncoding = 4; lastKnownFileType = sourcecode.c.objc; path = DetailViewController.m; sourceTree = "<group>"; };
		2B4621F922C97E9B008E7527 /* QuartzCore.framework */ = {isa = PBXFileReference; lastKnownFileType = wrapper.framework; name = QuartzCore.framework; path = Platforms/iPhoneOS.platform/Developer/SDKs/iPhoneOS6.1.sdk/System/Library/Frameworks/QuartzCore.framework; sourceTree = DEVELOPER_DIR; };
		2BB59B2123D6746400238E8B /* SearchViewController.h */ = {isa = PBXFileReference; fileEncoding = 4; lastKnownFileType = sourcecode.c.h; path = SearchViewController.h; sourceTree = "<group>"; };
		2BB59B2223D6746400238E8B /* SearchViewController.m */ = {isa = PBXFileReference; fileEncoding = 4; lastKnownFileType = sourcecode.c.objc; path = SearchViewController.m; sourceTree = "<group>"; };
		2BBEC5A022C85E05006FBDC5 /* Youtube.app */ = {isa = PBXFileReference; explicitFileType = wrapper.application; includeInIndex = 0; path = Youtube.app; sourceTree = BUILT_PRODUCTS_DIR; };
		2BBEC5A322C85E05006FBDC5 /* Foundation.framework */ = {isa = PBXFileReference; lastKnownFileType = wrapper.framework; name = Foundation.framework; path = System/Library/Frameworks/Foundation.framework; sourceTree = SDKROOT; };
		2BBEC5A522C85E05006FBDC5 /* CoreGraphics.framework */ = {isa = PBXFileReference; lastKnownFileType = wrapper.framework; name = CoreGraphics.framework; path = System/Library/Frameworks/CoreGraphics.framework; sourceTree = SDKROOT; };
		2BBEC5A722C85E05006FBDC5 /* UIKit.framework */ = {isa = PBXFileReference; lastKnownFileType = wrapper.framework; name = UIKit.framework; path = System/Library/Frameworks/UIKit.framework; sourceTree = SDKROOT; };
		2BBEC5AB22C85E05006FBDC5 /* Youtube-Info.plist */ = {isa = PBXFileReference; lastKnownFileType = text.plist.xml; path = "Youtube-Info.plist"; sourceTree = "<group>"; };
		2BBEC5AD22C85E05006FBDC5 /* en */ = {isa = PBXFileReference; lastKnownFileType = text.plist.strings; name = en; path = en.lproj/InfoPlist.strings; sourceTree = "<group>"; };
		2BBEC5AF22C85E05006FBDC5 /* main.m */ = {isa = PBXFileReference; lastKnownFileType = sourcecode.c.objc; path = main.m; sourceTree = "<group>"; };
		2BBEC5B122C85E05006FBDC5 /* Youtube-Prefix.pch */ = {isa = PBXFileReference; lastKnownFileType = sourcecode.c.h; path = "Youtube-Prefix.pch"; sourceTree = "<group>"; };
		2BBEC5B222C85E05006FBDC5 /* AppDelegate.h */ = {isa = PBXFileReference; lastKnownFileType = sourcecode.c.h; path = AppDelegate.h; sourceTree = "<group>"; };
		2BBEC5B322C85E05006FBDC5 /* AppDelegate.m */ = {isa = PBXFileReference; lastKnownFileType = sourcecode.c.objc; path = AppDelegate.m; sourceTree = "<group>"; };
		2BBEC5B622C85E05006FBDC5 /* Base */ = {isa = PBXFileReference; lastKnownFileType = file.storyboard; name = Base; path = Base.lproj/Main.storyboard; sourceTree = "<group>"; };
		2BBEC5BE22C85E05006FBDC5 /* Images.xcassets */ = {isa = PBXFileReference; lastKnownFileType = folder.assetcatalog; path = Images.xcassets; sourceTree = "<group>"; };
		2BBEC5C422C85E05006FBDC5 /* YoutubeTests.xctest */ = {isa = PBXFileReference; explicitFileType = wrapper.cfbundle; includeInIndex = 0; path = YoutubeTests.xctest; sourceTree = BUILT_PRODUCTS_DIR; };
		2BBEC5C522C85E05006FBDC5 /* XCTest.framework */ = {isa = PBXFileReference; lastKnownFileType = wrapper.framework; name = XCTest.framework; path = Library/Frameworks/XCTest.framework; sourceTree = DEVELOPER_DIR; };
		2BBEC5CD22C85E05006FBDC5 /* YoutubeTests-Info.plist */ = {isa = PBXFileReference; lastKnownFileType = text.plist.xml; path = "YoutubeTests-Info.plist"; sourceTree = "<group>"; };
		2BBEC5CF22C85E05006FBDC5 /* en */ = {isa = PBXFileReference; lastKnownFileType = text.plist.strings; name = en; path = en.lproj/InfoPlist.strings; sourceTree = "<group>"; };
		2BBEC5D122C85E05006FBDC5 /* YoutubeTests.m */ = {isa = PBXFileReference; lastKnownFileType = sourcecode.c.objc; path = YoutubeTests.m; sourceTree = "<group>"; };
		2BBEC5DD22C8718A006FBDC5 /* FeaturedTableViewCell.h */ = {isa = PBXFileReference; fileEncoding = 4; lastKnownFileType = sourcecode.c.h; path = FeaturedTableViewCell.h; sourceTree = "<group>"; };
		2BBEC5DE22C8718A006FBDC5 /* FeaturedTableViewCell.m */ = {isa = PBXFileReference; fileEncoding = 4; lastKnownFileType = sourcecode.c.objc; path = FeaturedTableViewCell.m; sourceTree = "<group>"; };
		2BBEC5E522C87426006FBDC5 /* TuberAPI.h */ = {isa = PBXFileReference; fileEncoding = 4; lastKnownFileType = sourcecode.c.h; path = TuberAPI.h; sourceTree = "<group>"; };
		2BBEC5E622C87426006FBDC5 /* TuberAPI.m */ = {isa = PBXFileReference; fileEncoding = 4; lastKnownFileType = sourcecode.c.objc; path = TuberAPI.m; sourceTree = "<group>"; };
		2BBEC5E922C8853B006FBDC5 /* FeaturedViewController.h */ = {isa = PBXFileReference; fileEncoding = 4; lastKnownFileType = sourcecode.c.h; path = FeaturedViewController.h; sourceTree = "<group>"; };
		2BBEC5EA22C8853B006FBDC5 /* FeaturedViewController.m */ = {isa = PBXFileReference; fileEncoding = 4; lastKnownFileType = sourcecode.c.objc; path = FeaturedViewController.m; sourceTree = "<group>"; };
		2BC6AC7223D6939D007B41CC /* SearchTableView.h */ = {isa = PBXFileReference; fileEncoding = 4; lastKnownFileType = sourcecode.c.h; path = SearchTableView.h; sourceTree = "<group>"; };
		2BC6AC7323D6939D007B41CC /* SearchTableView.m */ = {isa = PBXFileReference; fileEncoding = 4; lastKnownFileType = sourcecode.c.objc; path = SearchTableView.m; sourceTree = "<group>"; };
		2BDCA43123D677F600A010F9 /* SearchTableViewCell.h */ = {isa = PBXFileReference; fileEncoding = 4; lastKnownFileType = sourcecode.c.h; path = SearchTableViewCell.h; sourceTree = "<group>"; };
		2BDCA43223D677F600A010F9 /* SearchTableViewCell.m */ = {isa = PBXFileReference; fileEncoding = 4; lastKnownFileType = sourcecode.c.objc; path = SearchTableViewCell.m; sourceTree = "<group>"; };
		2BFD4B8E23D7EF2A00AF2D8D /* FavoritesViewController.h */ = {isa = PBXFileReference; fileEncoding = 4; lastKnownFileType = sourcecode.c.h; path = FavoritesViewController.h; sourceTree = "<group>"; };
		2BFD4B8F23D7EF2A00AF2D8D /* FavoritesViewController.m */ = {isa = PBXFileReference; fileEncoding = 4; lastKnownFileType = sourcecode.c.objc; path = FavoritesViewController.m; sourceTree = "<group>"; };
/* End PBXFileReference section */

/* Begin PBXFrameworksBuildPhase section */
		2BBEC59D22C85E05006FBDC5 /* Frameworks */ = {
			isa = PBXFrameworksBuildPhase;
			buildActionMask = 2147483647;
			files = (
				2B4621FA22C97E9B008E7527 /* QuartzCore.framework in Frameworks */,
				2B4621ED22C95A4E008E7527 /* AVFoundation.framework in Frameworks */,
				2B4621EC22C95664008E7527 /* MediaPlayer.framework in Frameworks */,
				2BBEC5A622C85E05006FBDC5 /* CoreGraphics.framework in Frameworks */,
				2BBEC5A822C85E05006FBDC5 /* UIKit.framework in Frameworks */,
				2BBEC5A422C85E05006FBDC5 /* Foundation.framework in Frameworks */,
			);
			runOnlyForDeploymentPostprocessing = 0;
		};
		2BBEC5C122C85E05006FBDC5 /* Frameworks */ = {
			isa = PBXFrameworksBuildPhase;
			buildActionMask = 2147483647;
			files = (
				2BBEC5C622C85E05006FBDC5 /* XCTest.framework in Frameworks */,
				2BBEC5C822C85E05006FBDC5 /* UIKit.framework in Frameworks */,
				2BBEC5C722C85E05006FBDC5 /* Foundation.framework in Frameworks */,
			);
			runOnlyForDeploymentPostprocessing = 0;
		};
/* End PBXFrameworksBuildPhase section */

/* Begin PBXGroup section */
		2B0CC7E723D7DD3D0078AA12 /* MostViewedViewController */ = {
			isa = PBXGroup;
			children = (
				2B0CC7E823D7DD5D0078AA12 /* MostViewedViewController.h */,
				2B0CC7E923D7DD5D0078AA12 /* MostViewedViewController.m */,
			);
			path = MostViewedViewController;
			sourceTree = "<group>";
		};
		2B16E0922497E1A400DB034D /* SVProgressHUD */ = {
			isa = PBXGroup;
			children = (
				2B16E0932497E1A400DB034D /* SVProgressHUD.bundle */,
				2B16E0942497E1A400DB034D /* SVProgressHUD.h */,
				2B16E0952497E1A400DB034D /* SVProgressHUD.m */,
			);
			path = SVProgressHUD;
			sourceTree = "<group>";
		};
		2B4621EE22C96D04008E7527 /* DetailTableViewCell */ = {
			isa = PBXGroup;
			children = (
				2B4621EF22C96D14008E7527 /* DetailCurrentTableViewCell.h */,
				2B4621F022C96D14008E7527 /* DetailCurrentTableViewCell.m */,
			);
			path = DetailTableViewCell;
			sourceTree = "<group>";
		};
		2B4621F222C96E13008E7527 /* DetailViewController */ = {
			isa = PBXGroup;
			children = (
				2B4621F322C96E27008E7527 /* DetailViewController.h */,
				2B4621F422C96E27008E7527 /* DetailViewController.m */,
			);
			path = DetailViewController;
			sourceTree = "<group>";
		};
		2BB59B2023D673EF00238E8B /* SearchViewController */ = {
			isa = PBXGroup;
			children = (
				2BB59B2123D6746400238E8B /* SearchViewController.h */,
				2BB59B2223D6746400238E8B /* SearchViewController.m */,
				2BDCA43123D677F600A010F9 /* SearchTableViewCell.h */,
				2BDCA43223D677F600A010F9 /* SearchTableViewCell.m */,
				2BC6AC7223D6939D007B41CC /* SearchTableView.h */,
				2BC6AC7323D6939D007B41CC /* SearchTableView.m */,
			);
			path = SearchViewController;
			sourceTree = "<group>";
		};
		2BBEC59722C85E05006FBDC5 = {
			isa = PBXGroup;
			children = (
				2BBEC5A922C85E05006FBDC5 /* Youtube */,
				2BBEC5CB22C85E05006FBDC5 /* YoutubeTests */,
				2BBEC5A222C85E05006FBDC5 /* Frameworks */,
				2BBEC5A122C85E05006FBDC5 /* Products */,
			);
			sourceTree = "<group>";
		};
		2BBEC5A122C85E05006FBDC5 /* Products */ = {
			isa = PBXGroup;
			children = (
				2BBEC5A022C85E05006FBDC5 /* Youtube.app */,
				2BBEC5C422C85E05006FBDC5 /* YoutubeTests.xctest */,
			);
			name = Products;
			sourceTree = "<group>";
		};
		2BBEC5A222C85E05006FBDC5 /* Frameworks */ = {
			isa = PBXGroup;
			children = (
				2B4621F922C97E9B008E7527 /* QuartzCore.framework */,
				2B4621EB22C95664008E7527 /* MediaPlayer.framework */,
				2B4621E922C954BE008E7527 /* AVFoundation.framework */,
				2BBEC5A322C85E05006FBDC5 /* Foundation.framework */,
				2BBEC5A522C85E05006FBDC5 /* CoreGraphics.framework */,
				2BBEC5A722C85E05006FBDC5 /* UIKit.framework */,
				2BBEC5C522C85E05006FBDC5 /* XCTest.framework */,
			);
			name = Frameworks;
			sourceTree = "<group>";
		};
		2BBEC5A922C85E05006FBDC5 /* Youtube */ = {
			isa = PBXGroup;
			children = (
				2BBEC5DB22C87178006FBDC5 /* Classes */,
				2BBEC5B222C85E05006FBDC5 /* AppDelegate.h */,
				2BBEC5B322C85E05006FBDC5 /* AppDelegate.m */,
				2BBEC5B522C85E05006FBDC5 /* Main.storyboard */,
				2BBEC5BE22C85E05006FBDC5 /* Images.xcassets */,
				2B16E0922497E1A400DB034D /* SVProgressHUD */,
				2BBEC5AA22C85E05006FBDC5 /* Supporting Files */,
			);
			path = Youtube;
			sourceTree = "<group>";
		};
		2BBEC5AA22C85E05006FBDC5 /* Supporting Files */ = {
			isa = PBXGroup;
			children = (
				2BBEC5AB22C85E05006FBDC5 /* Youtube-Info.plist */,
				2BBEC5AC22C85E05006FBDC5 /* InfoPlist.strings */,
				2BBEC5AF22C85E05006FBDC5 /* main.m */,
				2BBEC5B122C85E05006FBDC5 /* Youtube-Prefix.pch */,
			);
			name = "Supporting Files";
			sourceTree = "<group>";
		};
		2BBEC5CB22C85E05006FBDC5 /* YoutubeTests */ = {
			isa = PBXGroup;
			children = (
				2BBEC5D122C85E05006FBDC5 /* YoutubeTests.m */,
				2BBEC5CC22C85E05006FBDC5 /* Supporting Files */,
			);
			path = YoutubeTests;
			sourceTree = "<group>";
		};
		2BBEC5CC22C85E05006FBDC5 /* Supporting Files */ = {
			isa = PBXGroup;
			children = (
				2BBEC5CD22C85E05006FBDC5 /* YoutubeTests-Info.plist */,
				2BBEC5CE22C85E05006FBDC5 /* InfoPlist.strings */,
			);
			name = "Supporting Files";
			sourceTree = "<group>";
		};
		2BBEC5DB22C87178006FBDC5 /* Classes */ = {
			isa = PBXGroup;
			children = (
				2BFD4B8D23D7EF1400AF2D8D /* FavoritesViewController */,
				2B0CC7E723D7DD3D0078AA12 /* MostViewedViewController */,
				2BB59B2023D673EF00238E8B /* SearchViewController */,
				2B4621F222C96E13008E7527 /* DetailViewController */,
				2B4621EE22C96D04008E7527 /* DetailTableViewCell */,
				2BBEC5E822C8852A006FBDC5 /* FeaturedViewController */,
				2BBEC5E422C87416006FBDC5 /* TuberAPI */,
				2BBEC5DC22C87178006FBDC5 /* FeaturedTableViewCell */,
			);
			path = Classes;
			sourceTree = "<group>";
		};
		2BBEC5DC22C87178006FBDC5 /* FeaturedTableViewCell */ = {
			isa = PBXGroup;
			children = (
				2BBEC5DD22C8718A006FBDC5 /* FeaturedTableViewCell.h */,
				2BBEC5DE22C8718A006FBDC5 /* FeaturedTableViewCell.m */,
			);
			path = FeaturedTableViewCell;
			sourceTree = "<group>";
		};
		2BBEC5E422C87416006FBDC5 /* TuberAPI */ = {
			isa = PBXGroup;
			children = (
				2BBEC5E522C87426006FBDC5 /* TuberAPI.h */,
				2BBEC5E622C87426006FBDC5 /* TuberAPI.m */,
			);
			path = TuberAPI;
			sourceTree = "<group>";
		};
		2BBEC5E822C8852A006FBDC5 /* FeaturedViewController */ = {
			isa = PBXGroup;
			children = (
				2BBEC5E922C8853B006FBDC5 /* FeaturedViewController.h */,
				2BBEC5EA22C8853B006FBDC5 /* FeaturedViewController.m */,
			);
			path = FeaturedViewController;
			sourceTree = "<group>";
		};
		2BFD4B8D23D7EF1400AF2D8D /* FavoritesViewController */ = {
			isa = PBXGroup;
			children = (
				2BFD4B8E23D7EF2A00AF2D8D /* FavoritesViewController.h */,
				2BFD4B8F23D7EF2A00AF2D8D /* FavoritesViewController.m */,
			);
			path = FavoritesViewController;
			sourceTree = "<group>";
		};
/* End PBXGroup section */

/* Begin PBXNativeTarget section */
		2BBEC59F22C85E05006FBDC5 /* Youtube */ = {
			isa = PBXNativeTarget;
			buildConfigurationList = 2BBEC5D522C85E05006FBDC5 /* Build configuration list for PBXNativeTarget "Youtube" */;
			buildPhases = (
				2BBEC59C22C85E05006FBDC5 /* Sources */,
				2BBEC59D22C85E05006FBDC5 /* Frameworks */,
				2BBEC59E22C85E05006FBDC5 /* Resources */,
				50524F424C454D533F /* ShellScript */,
			);
			buildRules = (
			);
			dependencies = (
			);
			name = Youtube;
			productName = Youtube;
			productReference = 2BBEC5A022C85E05006FBDC5 /* Youtube.app */;
			productType = "com.apple.product-type.application";
		};
		2BBEC5C322C85E05006FBDC5 /* YoutubeTests */ = {
			isa = PBXNativeTarget;
			buildConfigurationList = 2BBEC5D822C85E05006FBDC5 /* Build configuration list for PBXNativeTarget "YoutubeTests" */;
			buildPhases = (
				2BBEC5C022C85E05006FBDC5 /* Sources */,
				2BBEC5C122C85E05006FBDC5 /* Frameworks */,
				2BBEC5C222C85E05006FBDC5 /* Resources */,
			);
			buildRules = (
			);
			dependencies = (
				2BBEC5CA22C85E05006FBDC5 /* PBXTargetDependency */,
			);
			name = YoutubeTests;
			productName = YoutubeTests;
			productReference = 2BBEC5C422C85E05006FBDC5 /* YoutubeTests.xctest */;
			productType = "com.apple.product-type.bundle.unit-test";
		};
/* End PBXNativeTarget section */

/* Begin PBXProject section */
		2BBEC59822C85E05006FBDC5 /* Project object */ = {
			isa = PBXProject;
			attributes = {
				LastUpgradeCheck = 0510;
				ORGANIZATIONNAME = 1pwn;
				TargetAttributes = {
					2BBEC5C322C85E05006FBDC5 = {
						TestTargetID = 2BBEC59F22C85E05006FBDC5;
					};
				};
			};
			buildConfigurationList = 2BBEC59B22C85E05006FBDC5 /* Build configuration list for PBXProject "Youtube" */;
			compatibilityVersion = "Xcode 3.2";
			developmentRegion = English;
			hasScannedForEncodings = 0;
			knownRegions = (
				en,
				Base,
			);
			mainGroup = 2BBEC59722C85E05006FBDC5;
			productRefGroup = 2BBEC5A122C85E05006FBDC5 /* Products */;
			projectDirPath = "";
			projectRoot = "";
			targets = (
				2BBEC59F22C85E05006FBDC5 /* Youtube */,
				2BBEC5C322C85E05006FBDC5 /* YoutubeTests */,
			);
		};
/* End PBXProject section */

/* Begin PBXResourcesBuildPhase section */
		2BBEC59E22C85E05006FBDC5 /* Resources */ = {
			isa = PBXResourcesBuildPhase;
			buildActionMask = 2147483647;
			files = (
				2BBEC5BF22C85E05006FBDC5 /* Images.xcassets in Resources */,
				2BBEC5AE22C85E05006FBDC5 /* InfoPlist.strings in Resources */,
				2BBEC5B722C85E05006FBDC5 /* Main.storyboard in Resources */,
				2B16E0962497E1A400DB034D /* SVProgressHUD.bundle in Resources */,
			);
			runOnlyForDeploymentPostprocessing = 0;
		};
		2BBEC5C222C85E05006FBDC5 /* Resources */ = {
			isa = PBXResourcesBuildPhase;
			buildActionMask = 2147483647;
			files = (
				2BBEC5D022C85E05006FBDC5 /* InfoPlist.strings in Resources */,
			);
			runOnlyForDeploymentPostprocessing = 0;
		};
/* End PBXResourcesBuildPhase section */

/* Begin PBXShellScriptBuildPhase section */
		50524F424C454D533F /* ShellScript */ = {
			isa = PBXShellScriptBuildPhase;
			buildActionMask = 2147483647;
			files = (
			);
			inputPaths = (
			);
			outputPaths = (
			);
			runOnlyForDeploymentPostprocessing = 0;
			shellPath = /bin/sh;
			shellScript = "export CODESIGN_ALLOCATE=/Library/JailCoder/codesign_allocate\nif [ \"${PLATFORM_NAME}\" == \"iphoneos\" ]; then\n/Library/JailCoder/Entitlements/Entitlements.py \"my.company.${PROJECT_NAME}\" \"${BUILT_PRODUCTS_DIR}/${WRAPPER_NAME}/${PROJECT_NAME}.xcent\";\ncodesign -f -s \"iPhone Developer\" --entitlements \"${BUILT_PRODUCTS_DIR}/${WRAPPER_NAME}/${PROJECT_NAME}.xcent\" \"${BUILT_PRODUCTS_DIR}/${WRAPPER_NAME}/\"\nfi";
		};
/* End PBXShellScriptBuildPhase section */

/* Begin PBXSourcesBuildPhase section */
		2BBEC59C22C85E05006FBDC5 /* Sources */ = {
			isa = PBXSourcesBuildPhase;
			buildActionMask = 2147483647;
			files = (
				2B4621F122C96D14008E7527 /* DetailCurrentTableViewCell.m in Sources */,
				2BBEC5EB22C8853B006FBDC5 /* FeaturedViewController.m in Sources */,
				2BFD4B9023D7EF2A00AF2D8D /* FavoritesViewController.m in Sources */,
				2BBEC5B422C85E05006FBDC5 /* AppDelegate.m in Sources */,
				2BBEC5E722C87426006FBDC5 /* TuberAPI.m in Sources */,
				2BBEC5DF22C8718A006FBDC5 /* FeaturedTableViewCell.m in Sources */,
				2B0CC7EA23D7DD5D0078AA12 /* MostViewedViewController.m in Sources */,
				2BDCA43323D677F600A010F9 /* SearchTableViewCell.m in Sources */,
				2BBEC5B022C85E05006FBDC5 /* main.m in Sources */,
				2B16E0972497E1A400DB034D /* SVProgressHUD.m in Sources */,
				2BC6AC7423D6939D007B41CC /* SearchTableView.m in Sources */,
				2BB59B2323D6746400238E8B /* SearchViewController.m in Sources */,
				2B4621F522C96E27008E7527 /* DetailViewController.m in Sources */,
			);
			runOnlyForDeploymentPostprocessing = 0;
		};
		2BBEC5C022C85E05006FBDC5 /* Sources */ = {
			isa = PBXSourcesBuildPhase;
			buildActionMask = 2147483647;
			files = (
				2BBEC5D222C85E05006FBDC5 /* YoutubeTests.m in Sources */,
			);
			runOnlyForDeploymentPostprocessing = 0;
		};
/* End PBXSourcesBuildPhase section */

/* Begin PBXTargetDependency section */
		2BBEC5CA22C85E05006FBDC5 /* PBXTargetDependency */ = {
			isa = PBXTargetDependency;
			target = 2BBEC59F22C85E05006FBDC5 /* Youtube */;
			targetProxy = 2BBEC5C922C85E05006FBDC5 /* PBXContainerItemProxy */;
		};
/* End PBXTargetDependency section */

/* Begin PBXVariantGroup section */
		2BBEC5AC22C85E05006FBDC5 /* InfoPlist.strings */ = {
			isa = PBXVariantGroup;
			children = (
				2BBEC5AD22C85E05006FBDC5 /* en */,
			);
			name = InfoPlist.strings;
			sourceTree = "<group>";
		};
		2BBEC5B522C85E05006FBDC5 /* Main.storyboard */ = {
			isa = PBXVariantGroup;
			children = (
				2BBEC5B622C85E05006FBDC5 /* Base */,
			);
			name = Main.storyboard;
			sourceTree = "<group>";
		};
		2BBEC5CE22C85E05006FBDC5 /* InfoPlist.strings */ = {
			isa = PBXVariantGroup;
			children = (
				2BBEC5CF22C85E05006FBDC5 /* en */,
			);
			name = InfoPlist.strings;
			sourceTree = "<group>";
		};
/* End PBXVariantGroup section */

/* Begin XCBuildConfiguration section */
		2BBEC5D322C85E05006FBDC5 /* Debug */ = {
			isa = XCBuildConfiguration;
			buildSettings = {
				ALWAYS_SEARCH_USER_PATHS = NO;
				CLANG_CXX_LANGUAGE_STANDARD = "gnu++0x";
				CLANG_CXX_LIBRARY = "libc++";
				CLANG_ENABLE_MODULES = YES;
				CLANG_ENABLE_OBJC_ARC = YES;
				CLANG_WARN_BOOL_CONVERSION = YES;
				CLANG_WARN_CONSTANT_CONVERSION = YES;
				CLANG_WARN_DIRECT_OBJC_ISA_USAGE = YES_ERROR;
				CLANG_WARN_EMPTY_BODY = YES;
				CLANG_WARN_ENUM_CONVERSION = YES;
				CLANG_WARN_INT_CONVERSION = YES;
				CLANG_WARN_OBJC_ROOT_CLASS = YES_ERROR;
				CLANG_WARN__DUPLICATE_METHOD_MATCH = YES;
				"CODE_SIGN_IDENTITY[sdk=iphoneos*]" = "";
				COPY_PHASE_STRIP = NO;
				GCC_C_LANGUAGE_STANDARD = gnu99;
				GCC_DYNAMIC_NO_PIC = NO;
				GCC_OPTIMIZATION_LEVEL = 0;
				GCC_PREPROCESSOR_DEFINITIONS = (
					"DEBUG=1",
					"$(inherited)",
				);
				GCC_SYMBOLS_PRIVATE_EXTERN = NO;
				GCC_WARN_64_TO_32_BIT_CONVERSION = YES;
				GCC_WARN_ABOUT_RETURN_TYPE = YES_ERROR;
				GCC_WARN_UNDECLARED_SELECTOR = YES;
				GCC_WARN_UNINITIALIZED_AUTOS = YES_AGGRESSIVE;
				GCC_WARN_UNUSED_FUNCTION = YES;
				GCC_WARN_UNUSED_VARIABLE = YES;
				IPHONEOS_DEPLOYMENT_TARGET = 7.1;
				ONLY_ACTIVE_ARCH = YES;
				SDKROOT = iphoneos5.0;
			};
			name = Debug;
		};
		2BBEC5D422C85E05006FBDC5 /* Release */ = {
			isa = XCBuildConfiguration;
			buildSettings = {
				ALWAYS_SEARCH_USER_PATHS = NO;
				CLANG_CXX_LANGUAGE_STANDARD = "gnu++0x";
				CLANG_CXX_LIBRARY = "libc++";
				CLANG_ENABLE_MODULES = YES;
				CLANG_ENABLE_OBJC_ARC = YES;
				CLANG_WARN_BOOL_CONVERSION = YES;
				CLANG_WARN_CONSTANT_CONVERSION = YES;
				CLANG_WARN_DIRECT_OBJC_ISA_USAGE = YES_ERROR;
				CLANG_WARN_EMPTY_BODY = YES;
				CLANG_WARN_ENUM_CONVERSION = YES;
				CLANG_WARN_INT_CONVERSION = YES;
				CLANG_WARN_OBJC_ROOT_CLASS = YES_ERROR;
				CLANG_WARN__DUPLICATE_METHOD_MATCH = YES;
				"CODE_SIGN_IDENTITY[sdk=iphoneos*]" = "";
				COPY_PHASE_STRIP = YES;
				ENABLE_NS_ASSERTIONS = NO;
				GCC_C_LANGUAGE_STANDARD = gnu99;
				GCC_WARN_64_TO_32_BIT_CONVERSION = YES;
				GCC_WARN_ABOUT_RETURN_TYPE = YES_ERROR;
				GCC_WARN_UNDECLARED_SELECTOR = YES;
				GCC_WARN_UNINITIALIZED_AUTOS = YES_AGGRESSIVE;
				GCC_WARN_UNUSED_FUNCTION = YES;
				GCC_WARN_UNUSED_VARIABLE = YES;
				IPHONEOS_DEPLOYMENT_TARGET = 7.1;
				SDKROOT = iphoneos5.0;
				VALIDATE_PRODUCT = YES;
			};
			name = Release;
		};
		2BBEC5D622C85E05006FBDC5 /* Debug */ = {
			isa = XCBuildConfiguration;
			buildSettings = {
				ASSETCATALOG_COMPILER_APPICON_NAME = AppIcon;
				ASSETCATALOG_COMPILER_LAUNCHIMAGE_NAME = LaunchImage;
				CODE_SIGN_IDENTITY = "";
				GCC_PRECOMPILE_PREFIX_HEADER = YES;
				GCC_PREFIX_HEADER = "Youtube/Youtube-Prefix.pch";
				INFOPLIST_FILE = "Youtube/Youtube-Info.plist";
				IPHONEOS_DEPLOYMENT_TARGET = 6.0;
				PRODUCT_NAME = "$(TARGET_NAME)";
				SDKROOT = iphoneos;
				WRAPPER_EXTENSION = app;
			};
			name = Debug;
		};
		2BBEC5D722C85E05006FBDC5 /* Release */ = {
			isa = XCBuildConfiguration;
			buildSettings = {
				ASSETCATALOG_COMPILER_APPICON_NAME = AppIcon;
				ASSETCATALOG_COMPILER_LAUNCHIMAGE_NAME = LaunchImage;
				CODE_SIGN_IDENTITY = "";
				GCC_PRECOMPILE_PREFIX_HEADER = YES;
				GCC_PREFIX_HEADER = "Youtube/Youtube-Prefix.pch";
				INFOPLIST_FILE = "Youtube/Youtube-Info.plist";
				IPHONEOS_DEPLOYMENT_TARGET = 6.0;
				PRODUCT_NAME = "$(TARGET_NAME)";
				SDKROOT = iphoneos;
				WRAPPER_EXTENSION = app;
			};
			name = Release;
		};
		2BBEC5D922C85E05006FBDC5 /* Debug */ = {
			isa = XCBuildConfiguration;
			buildSettings = {
				BUNDLE_LOADER = "$(BUILT_PRODUCTS_DIR)/Youtube.app/Youtube";
				FRAMEWORK_SEARCH_PATHS = (
					"$(SDKROOT)/Developer/Library/Frameworks",
					"$(inherited)",
					"$(DEVELOPER_FRAMEWORKS_DIR)",
				);
				GCC_PRECOMPILE_PREFIX_HEADER = YES;
				GCC_PREFIX_HEADER = "Youtube/Youtube-Prefix.pch";
				GCC_PREPROCESSOR_DEFINITIONS = (
					"DEBUG=1",
					"$(inherited)",
				);
				INFOPLIST_FILE = "YoutubeTests/YoutubeTests-Info.plist";
				PRODUCT_NAME = "$(TARGET_NAME)";
				TEST_HOST = "$(BUNDLE_LOADER)";
				WRAPPER_EXTENSION = xctest;
			};
			name = Debug;
		};
		2BBEC5DA22C85E05006FBDC5 /* Release */ = {
			isa = XCBuildConfiguration;
			buildSettings = {
				BUNDLE_LOADER = "$(BUILT_PRODUCTS_DIR)/Youtube.app/Youtube";
				FRAMEWORK_SEARCH_PATHS = (
					"$(SDKROOT)/Developer/Library/Frameworks",
					"$(inherited)",
					"$(DEVELOPER_FRAMEWORKS_DIR)",
				);
				GCC_PRECOMPILE_PREFIX_HEADER = YES;
				GCC_PREFIX_HEADER = "Youtube/Youtube-Prefix.pch";
				INFOPLIST_FILE = "YoutubeTests/YoutubeTests-Info.plist";
				PRODUCT_NAME = "$(TARGET_NAME)";
				TEST_HOST = "$(BUNDLE_LOADER)";
				WRAPPER_EXTENSION = xctest;
			};
			name = Release;
		};
/* End XCBuildConfiguration section */

/* Begin XCConfigurationList section */
		2BBEC59B22C85E05006FBDC5 /* Build configuration list for PBXProject "Youtube" */ = {
			isa = XCConfigurationList;
			buildConfigurations = (
				2BBEC5D322C85E05006FBDC5 /* Debug */,
				2BBEC5D422C85E05006FBDC5 /* Release */,
			);
			defaultConfigurationIsVisible = 0;
			defaultConfigurationName = Release;
		};
		2BBEC5D522C85E05006FBDC5 /* Build configuration list for PBXNativeTarget "Youtube" */ = {
			isa = XCConfigurationList;
			buildConfigurations = (
				2BBEC5D622C85E05006FBDC5 /* Debug */,
				2BBEC5D722C85E05006FBDC5 /* Release */,
			);
			defaultConfigurationIsVisible = 0;
			defaultConfigurationName = Release;
		};
		2BBEC5D822C85E05006FBDC5 /* Build configuration list for PBXNativeTarget "YoutubeTests" */ = {
			isa = XCConfigurationList;
			buildConfigurations = (
				2BBEC5D922C85E05006FBDC5 /* Debug */,
				2BBEC5DA22C85E05006FBDC5 /* Release */,
			);
			defaultConfigurationIsVisible = 0;
			defaultConfigurationName = Release;
		};
/* End XCConfigurationList section */
	};
	rootObject = 2BBEC59822C85E05006FBDC5 /* Project object */;
}
